# THIS IS AN AUTOGENERATED FILE. DO NOT EDIT THIS FILE DIRECTLY.
# yarn lockfile v1


"@angular/cdk@6":
  version "6.4.7"
  resolved "https://registry.yarnpkg.com/@angular/cdk/-/cdk-6.4.7.tgz#1549b304dd412e82bd854cc55a7d5c6772ee0411"
  integrity sha512-18x0U66fLD5kGQWZ9n3nb75xQouXlWs7kUDaTd8HTrHpT1s2QIAqlLd1KxfrYiVhsEC2jPQaoiae7VnBlcvkBg==
  dependencies:
    tslib "^1.7.1"

"@angular/flex-layout@^6.0.0-beta.18":
  version "6.0.0-beta.18"
  resolved "https://registry.yarnpkg.com/@angular/flex-layout/-/flex-layout-6.0.0-beta.18.tgz#fdf9d17a45989d0bf0dd1ad466eea503da618276"
  integrity sha512-1Alv3YSIZYp0CTUIESIaSQLoSVyLzuNKPa5bGM/RzOmeSrndm5plVgI9wopGfJUDiwM18R97rq/4XjDvNT/+ig==
  dependencies:
    tslib "^1.7.1"

tslib@^1.7.1:
  version "1.9.3"
  resolved "https://registry.yarnpkg.com/tslib/-/tslib-1.9.3.tgz#d7e4dd79245d85428c4d7e4822a79917954ca286"
  integrity sha512-4krF8scpejhaOgqzBEcGM7yDIEfi0/8+8zDRZhNZZ2kjmHJ4hv3zCbQWxoJGz1iw5U0Jl0nma13xzHXcncMavQ==
